{
  "name": "check-in",
  "lockfileVersion": 3,
  "requires": true,
  "packages": {
    "": {
      "dependencies": {
        "uview-plus": "^3.7.13"
      }
    },
    "node_modules/uview-plus": {
      "version": "3.7.13",
      "resolved": "https://registry.npmmirror.com/uview-plus/-/uview-plus-3.7.13.tgz",
      "integrity": "sha512-vHByf0kxKReYxam6BuU6wn/80giCkMaMUHEblhkf4kAjP852b86V3ctkjfGtV17MEIORFo3Vkve+HFnHNXpwNg==",
      "engines": {
        "HBuilderX": "^3.1.0",
        "uni-app": "^4.66",
        "uni-app-x": ""
      }
    }
  }
}
